
Microsoft Visual Studio Solution File, Format Version 12.00
# Visual Studio 15
VisualStudioVersion = 15.0.28307.852
MinimumVisualStudioVersion = 10.0.40219.1
Project("{FAE04EC0-301F-11D3-BF4B-00C04F79EFBC}") = "HotWheels", "HotWheels\HotWheels.csproj", "{D163341B-CD7A-481A-B244-B56E8BC8F024}"
EndProject
Global
	GlobalSection(SolutionConfigurationPlatforms) = preSolution
		Debug|Any CPU = Debug|Any CPU
		Release|Any CPU = Release|Any CPU
	EndGlobalSection
	GlobalSection(ProjectConfigurationPlatforms) = postSolution
		{D163341B-CD7A-481A-B244-B56E8BC8F024}.Debug|Any CPU.ActiveCfg = Debug|Any CPU
		{D163341B-CD7A-481A-B244-B56E8BC8F024}.Debug|Any CPU.Build.0 = Debug|Any CPU
		{D163341B-CD7A-481A-B244-B56E8BC8F024}.Release|Any CPU.ActiveCfg = Release|Any CPU
		{D163341B-CD7A-481A-B244-B56E8BC8F024}.Release|Any CPU.Build.0 = Release|Any CPU
	EndGlobalSection
	GlobalSection(SolutionProperties) = preSolution
		HideSolutionNode = FALSE
	EndGlobalSection
	GlobalSection(ExtensibilityGlobals) = postSolution
		SolutionGuid = {5E996BD7-5DDC-474E-B3B2-D1D78F6FB3E0}
	EndGlobalSection
EndGlobal
